
Microsoft Visual Studio Solution File, Format Version 12.00
# Visual Studio Version 17
VisualStudioVersion = 17.13.35931.197
MinimumVisualStudioVersion = 10.0.40219.1
Project("{FAE04EC0-301F-11D3-BF4B-00C04F79EFBC}") = "MinimalAPIKickoff.API", "MinimalAPIKickoff.API\MinimalAPIKickoff.API.csproj", "{82D26B87-EFD8-46A3-8A55-8C4EBA097098}"
EndProject
Project("{FAE04EC0-301F-11D3-BF4B-00C04F79EFBC}") = "MinimalAPIKickoff.Domain", "MinimalAPIKickoff.Domain\MinimalAPIKickoff.Domain.csproj", "{963E3307-A281-4EA0-B206-D097374FF807}"
EndProject
Project("{FAE04EC0-301F-11D3-BF4B-00C04F79EFBC}") = "MinimalAPIKickoff.Application", "MinimalAPIKickoff.Application\MinimalAPIKickoff.Application.csproj", "{E8136882-115E-407F-B655-C4257EAB3531}"
EndProject
Project("{FAE04EC0-301F-11D3-BF4B-00C04F79EFBC}") = "MinimalAPIKickoff.Infrastructure", "MinimalAPIKickoff.Infrastructure\MinimalAPIKickoff.Infrastructure.csproj", "{1FB14D04-CB3E-4529-A9A6-0F39DBA2BB4D}"
EndProject
Project("{FAE04EC0-301F-11D3-BF4B-00C04F79EFBC}") = "MinimalAPIKickoff.Tests", "MinimalAPIKickoff.Tests\MinimalAPIKickoff.Tests.csproj", "{D1C4D228-0830-4041-9CD4-6B313211F3FE}"
EndProject
Global
	GlobalSection(SolutionConfigurationPlatforms) = preSolution
		Debug|Any CPU = Debug|Any CPU
		Release|Any CPU = Release|Any CPU
	EndGlobalSection
	GlobalSection(ProjectConfigurationPlatforms) = postSolution
		{82D26B87-EFD8-46A3-8A55-8C4EBA097098}.Debug|Any CPU.ActiveCfg = Debug|Any CPU
		{82D26B87-EFD8-46A3-8A55-8C4EBA097098}.Debug|Any CPU.Build.0 = Debug|Any CPU
		{82D26B87-EFD8-46A3-8A55-8C4EBA097098}.Release|Any CPU.ActiveCfg = Release|Any CPU
		{82D26B87-EFD8-46A3-8A55-8C4EBA097098}.Release|Any CPU.Build.0 = Release|Any CPU
		{963E3307-A281-4EA0-B206-D097374FF807}.Debug|Any CPU.ActiveCfg = Debug|Any CPU
		{963E3307-A281-4EA0-B206-D097374FF807}.Debug|Any CPU.Build.0 = Debug|Any CPU
		{963E3307-A281-4EA0-B206-D097374FF807}.Release|Any CPU.ActiveCfg = Release|Any CPU
		{963E3307-A281-4EA0-B206-D097374FF807}.Release|Any CPU.Build.0 = Release|Any CPU
		{E8136882-115E-407F-B655-C4257EAB3531}.Debug|Any CPU.ActiveCfg = Debug|Any CPU
		{E8136882-115E-407F-B655-C4257EAB3531}.Debug|Any CPU.Build.0 = Debug|Any CPU
		{E8136882-115E-407F-B655-C4257EAB3531}.Release|Any CPU.ActiveCfg = Release|Any CPU
		{E8136882-115E-407F-B655-C4257EAB3531}.Release|Any CPU.Build.0 = Release|Any CPU
		{1FB14D04-CB3E-4529-A9A6-0F39DBA2BB4D}.Debug|Any CPU.ActiveCfg = Debug|Any CPU
		{1FB14D04-CB3E-4529-A9A6-0F39DBA2BB4D}.Debug|Any CPU.Build.0 = Debug|Any CPU
		{1FB14D04-CB3E-4529-A9A6-0F39DBA2BB4D}.Release|Any CPU.ActiveCfg = Release|Any CPU
		{1FB14D04-CB3E-4529-A9A6-0F39DBA2BB4D}.Release|Any CPU.Build.0 = Release|Any CPU
		{D1C4D228-0830-4041-9CD4-6B313211F3FE}.Debug|Any CPU.ActiveCfg = Debug|Any CPU
		{D1C4D228-0830-4041-9CD4-6B313211F3FE}.Debug|Any CPU.Build.0 = Debug|Any CPU
		{D1C4D228-0830-4041-9CD4-6B313211F3FE}.Release|Any CPU.ActiveCfg = Release|Any CPU
		{D1C4D228-0830-4041-9CD4-6B313211F3FE}.Release|Any CPU.Build.0 = Release|Any CPU
	EndGlobalSection
	GlobalSection(SolutionProperties) = preSolution
		HideSolutionNode = FALSE
	EndGlobalSection
	GlobalSection(ExtensibilityGlobals) = postSolution
		SolutionGuid = {E486A55C-E0A1-4D54-8BEA-ECED6BC2A1A9}
	EndGlobalSection
EndGlobal
